PODS:
  - HWBanner (0.1.1)
  - SDWebImage (5.0.0):
    - SDWebImage/Core (= 5.0.0)
  - SDWebImage/Core (5.0.0)

DEPENDENCIES:
  - HWBanner (from `../`)
  - SDWebImage

SPEC REPOS:
  https://github.com/cocoapods/specs.git:
    - SDWebImage

EXTERNAL SOURCES:
  HWBanner:
    :path: "../"

SPEC CHECKSUMS:
  HWBanner: e086794955777a80d9fa344f21453d0246d8ac81
  SDWebImage: 5de80a0302de9e377e62f47d2fa1304efff0e55f

PODFILE CHECKSUM: dce8179332a46b80551d33b0c19b8bf474f60ae2

COCOAPODS: 1.6.1
